
Microsoft Visual Studio Solution File, Format Version 12.00
# Visual Studio 15
VisualStudioVersion = 15.0.28010.2050
MinimumVisualStudioVersion = 10.0.40219.1
Project("{FAE04EC0-301F-11D3-BF4B-00C04F79EFBC}") = "wpf-3d-sketch-00", "wpf-3d-sketch-00\wpf-3d-sketch-00.csproj", "{FA2B4F29-DFC1-4639-B5B0-9CFB98E00E3D}"
EndProject
Global
	GlobalSection(SolutionConfigurationPlatforms) = preSolution
		Debug|Any CPU = Debug|Any CPU
		Release|Any CPU = Release|Any CPU
	EndGlobalSection
	GlobalSection(ProjectConfigurationPlatforms) = postSolution
		{FA2B4F29-DFC1-4639-B5B0-9CFB98E00E3D}.Debug|Any CPU.ActiveCfg = Debug|Any CPU
		{FA2B4F29-DFC1-4639-B5B0-9CFB98E00E3D}.Debug|Any CPU.Build.0 = Debug|Any CPU
		{FA2B4F29-DFC1-4639-B5B0-9CFB98E00E3D}.Release|Any CPU.ActiveCfg = Release|Any CPU
		{FA2B4F29-DFC1-4639-B5B0-9CFB98E00E3D}.Release|Any CPU.Build.0 = Release|Any CPU
	EndGlobalSection
	GlobalSection(SolutionProperties) = preSolution
		HideSolutionNode = FALSE
	EndGlobalSection
	GlobalSection(ExtensibilityGlobals) = postSolution
		SolutionGuid = {6B8FE13C-6AF8-4B08-88B3-36B1B105EF0D}
	EndGlobalSection
EndGlobal
